
Microsoft Visual Studio Solution File, Format Version 12.00
# Visual Studio Version 16
VisualStudioVersion = 16.0.31911.196
MinimumVisualStudioVersion = 10.0.40219.1
Project("{FAE04EC0-301F-11D3-BF4B-00C04F79EFBC}") = "ASP.NETCore5.0AuthenticationExample", "ASP.NETCore5.0AuthenticationExample.csproj", "{3A1F4FB6-EF27-436F-A897-9AE3AA45BABE}"
EndProject
Global
	GlobalSection(SolutionConfigurationPlatforms) = preSolution
		Debug|Any CPU = Debug|Any CPU
		Release|Any CPU = Release|Any CPU
	EndGlobalSection
	GlobalSection(ProjectConfigurationPlatforms) = postSolution
		{3A1F4FB6-EF27-436F-A897-9AE3AA45BABE}.Debug|Any CPU.ActiveCfg = Debug|Any CPU
		{3A1F4FB6-EF27-436F-A897-9AE3AA45BABE}.Debug|Any CPU.Build.0 = Debug|Any CPU
		{3A1F4FB6-EF27-436F-A897-9AE3AA45BABE}.Release|Any CPU.ActiveCfg = Release|Any CPU
		{3A1F4FB6-EF27-436F-A897-9AE3AA45BABE}.Release|Any CPU.Build.0 = Release|Any CPU
	EndGlobalSection
	GlobalSection(SolutionProperties) = preSolution
		HideSolutionNode = FALSE
	EndGlobalSection
	GlobalSection(ExtensibilityGlobals) = postSolution
		SolutionGuid = {EC1E5CA8-99C1-483D-848E-D85B92A0C2FE}
	EndGlobalSection
EndGlobal
